// !$*UTF8*$!
{
	archiveVersion = 1;
	classes = {
	};
	objectVersion = 46;
	objects = {

/* Begin PBXBuildFile section */
		F12C3561197DA0E1002C212A /* Foundation.framework in Frameworks */ = {isa = PBXBuildFile; fileRef = F12C3560197DA0E1002C212A /* Foundation.framework */; };
		F12C3563197DA0E1002C212A /* CoreGraphics.framework in Frameworks */ = {isa = PBXBuildFile; fileRef = F12C3562197DA0E1002C212A /* CoreGraphics.framework */; };
		F12C3565197DA0E1002C212A /* UIKit.framework in Frameworks */ = {isa = PBXBuildFile; fileRef = F12C3564197DA0E1002C212A /* UIKit.framework */; };
		F12C356B197DA0E1002C212A /* InfoPlist.strings in Resources */ = {isa = PBXBuildFile; fileRef = F12C3569197DA0E1002C212A /* InfoPlist.strings */; };
		F12C356D197DA0E1002C212A /* main.m in Sources */ = {isa = PBXBuildFile; fileRef = F12C356C197DA0E1002C212A /* main.m */; };
		F12C3571197DA0E1002C212A /* FHAAppDelegate.m in Sources */ = {isa = PBXBuildFile; fileRef = F12C3570197DA0E1002C212A /* FHAAppDelegate.m */; };
		F12C3574197DA0E1002C212A /* Main.storyboard in Resources */ = {isa = PBXBuildFile; fileRef = F12C3572197DA0E1002C212A /* Main.storyboard */; };
		F12C3577197DA0E1002C212A /* FHAViewController.m in Sources */ = {isa = PBXBuildFile; fileRef = F12C3576197DA0E1002C212A /* FHAViewController.m */; };
		F12C3579197DA0E1002C212A /* Images.xcassets in Resources */ = {isa = PBXBuildFile; fileRef = F12C3578197DA0E1002C212A /* Images.xcassets */; };
		F12C3580197DA0E1002C212A /* XCTest.framework in Frameworks */ = {isa = PBXBuildFile; fileRef = F12C357F197DA0E1002C212A /* XCTest.framework */; };
		F12C3581197DA0E1002C212A /* Foundation.framework in Frameworks */ = {isa = PBXBuildFile; fileRef = F12C3560197DA0E1002C212A /* Foundation.framework */; };
		F12C3582197DA0E1002C212A /* UIKit.framework in Frameworks */ = {isa = PBXBuildFile; fileRef = F12C3564197DA0E1002C212A /* UIKit.framework */; };
		F12C358A197DA0E1002C212A /* InfoPlist.strings in Resources */ = {isa = PBXBuildFile; fileRef = F12C3588197DA0E1002C212A /* InfoPlist.strings */; };
		F12C358C197DA0E1002C212A /* First_Homework_AppTests.m in Sources */ = {isa = PBXBuildFile; fileRef = F12C358B197DA0E1002C212A /* First_Homework_AppTests.m */; };
/* End PBXBuildFile section */

/* Begin PBXContainerItemProxy section */
		F12C3583197DA0E1002C212A /* PBXContainerItemProxy */ = {
			isa = PBXContainerItemProxy;
			containerPortal = F12C3555197DA0E1002C212A /* Project object */;
			proxyType = 1;
			remoteGlobalIDString = F12C355C197DA0E1002C212A;
			remoteInfo = "First Homework App";
		};
/* End PBXContainerItemProxy section */

/* Begin PBXFileReference section */
		F12C355D197DA0E1002C212A /* First Homework App.app */ = {isa = PBXFileReference; explicitFileType = wrapper.application; includeInIndex = 0; path = "First Homework App.app"; sourceTree = BUILT_PRODUCTS_DIR; };
		F12C3560197DA0E1002C212A /* Foundation.framework */ = {isa = PBXFileReference; lastKnownFileType = wrapper.framework; name = Foundation.framework; path = System/Library/Frameworks/Foundation.framework; sourceTree = SDKROOT; };
		F12C3562197DA0E1002C212A /* CoreGraphics.framework */ = {isa = PBXFileReference; lastKnownFileType = wrapper.framework; name = CoreGraphics.framework; path = System/Library/Frameworks/CoreGraphics.framework; sourceTree = SDKROOT; };
		F12C3564197DA0E1002C212A /* UIKit.framework */ = {isa = PBXFileReference; lastKnownFileType = wrapper.framework; name = UIKit.framework; path = System/Library/Frameworks/UIKit.framework; sourceTree = SDKROOT; };
		F12C3568197DA0E1002C212A /* First Homework App-Info.plist */ = {isa = PBXFileReference; lastKnownFileType = text.plist.xml; path = "First Homework App-Info.plist"; sourceTree = "<group>"; };
		F12C356A197DA0E1002C212A /* en */ = {isa = PBXFileReference; lastKnownFileType = text.plist.strings; name = en; path = en.lproj/InfoPlist.strings; sourceTree = "<group>"; };
		F12C356C197DA0E1002C212A /* main.m */ = {isa = PBXFileReference; lastKnownFileType = sourcecode.c.objc; path = main.m; sourceTree = "<group>"; };
		F12C356E197DA0E1002C212A /* First Homework App-Prefix.pch */ = {isa = PBXFileReference; lastKnownFileType = sourcecode.c.h; path = "First Homework App-Prefix.pch"; sourceTree = "<group>"; };
		F12C356F197DA0E1002C212A /* FHAAppDelegate.h */ = {isa = PBXFileReference; lastKnownFileType = sourcecode.c.h; path = FHAAppDelegate.h; sourceTree = "<group>"; };
		F12C3570197DA0E1002C212A /* FHAAppDelegate.m */ = {isa = PBXFileReference; lastKnownFileType = sourcecode.c.objc; path = FHAAppDelegate.m; sourceTree = "<group>"; };
		F12C3573197DA0E1002C212A /* Base */ = {isa = PBXFileReference; lastKnownFileType = file.storyboard; name = Base; path = Base.lproj/Main.storyboard; sourceTree = "<group>"; };
		F12C3575197DA0E1002C212A /* FHAViewController.h */ = {isa = PBXFileReference; lastKnownFileType = sourcecode.c.h; path = FHAViewController.h; sourceTree = "<group>"; };
		F12C3576197DA0E1002C212A /* FHAViewController.m */ = {isa = PBXFileReference; lastKnownFileType = sourcecode.c.objc; path = FHAViewController.m; sourceTree = "<group>"; };
		F12C3578197DA0E1002C212A /* Images.xcassets */ = {isa = PBXFileReference; lastKnownFileType = folder.assetcatalog; path = Images.xcassets; sourceTree = "<group>"; };
		F12C357E197DA0E1002C212A /* First Homework AppTests.xctest */ = {isa = PBXFileReference; explicitFileType = wrapper.cfbundle; includeInIndex = 0; path = "First Homework AppTests.xctest"; sourceTree = BUILT_PRODUCTS_DIR; };
		F12C357F197DA0E1002C212A /* XCTest.framework */ = {isa = PBXFileReference; lastKnownFileType = wrapper.framework; name = XCTest.framework; path = Library/Frameworks/XCTest.framework; sourceTree = DEVELOPER_DIR; };
		F12C3587197DA0E1002C212A /* First Homework AppTests-Info.plist */ = {isa = PBXFileReference; lastKnownFileType = text.plist.xml; path = "First Homework AppTests-Info.plist"; sourceTree = "<group>"; };
		F12C3589197DA0E1002C212A /* en */ = {isa = PBXFileReference; lastKnownFileType = text.plist.strings; name = en; path = en.lproj/InfoPlist.strings; sourceTree = "<group>"; };
		F12C358B197DA0E1002C212A /* First_Homework_AppTests.m */ = {isa = PBXFileReference; lastKnownFileType = sourcecode.c.objc; path = First_Homework_AppTests.m; sourceTree = "<group>"; };
/* End PBXFileReference section */

/* Begin PBXFrameworksBuildPhase section */
		F12C355A197DA0E1002C212A /* Frameworks */ = {
			isa = PBXFrameworksBuildPhase;
			buildActionMask = 2147483647;
			files = (
				F12C3563197DA0E1002C212A /* CoreGraphics.framework in Frameworks */,
				F12C3565197DA0E1002C212A /* UIKit.framework in Frameworks */,
				F12C3561197DA0E1002C212A /* Foundation.framework in Frameworks */,
			);
			runOnlyForDeploymentPostprocessing = 0;
		};
		F12C357B197DA0E1002C212A /* Frameworks */ = {
			isa = PBXFrameworksBuildPhase;
			buildActionMask = 2147483647;
			files = (
				F12C3580197DA0E1002C212A /* XCTest.framework in Frameworks */,
				F12C3582197DA0E1002C212A /* UIKit.framework in Frameworks */,
				F12C3581197DA0E1002C212A /* Foundation.framework in Frameworks */,
			);
			runOnlyForDeploymentPostprocessing = 0;
		};
/* End PBXFrameworksBuildPhase section */

/* Begin PBXGroup section */
		F12C3554197DA0E1002C212A = {
			isa = PBXGroup;
			children = (
				F12C3566197DA0E1002C212A /* First Homework App */,
				F12C3585197DA0E1002C212A /* First Homework AppTests */,
				F12C355F197DA0E1002C212A /* Frameworks */,
				F12C355E197DA0E1002C212A /* Products */,
			);
			sourceTree = "<group>";
		};
		F12C355E197DA0E1002C212A /* Products */ = {
			isa = PBXGroup;
			children = (
				F12C355D197DA0E1002C212A /* First Homework App.app */,
				F12C357E197DA0E1002C212A /* First Homework AppTests.xctest */,
			);
			name = Products;
			sourceTree = "<group>";
		};
		F12C355F197DA0E1002C212A /* Frameworks */ = {
			isa = PBXGroup;
			children = (
				F12C3560197DA0E1002C212A /* Foundation.framework */,
				F12C3562197DA0E1002C212A /* CoreGraphics.framework */,
				F12C3564197DA0E1002C212A /* UIKit.framework */,
				F12C357F197DA0E1002C212A /* XCTest.framework */,
			);
			name = Frameworks;
			sourceTree = "<group>";
		};
		F12C3566197DA0E1002C212A /* First Homework App */ = {
			isa = PBXGroup;
			children = (
				F12C356F197DA0E1002C212A /* FHAAppDelegate.h */,
				F12C3570197DA0E1002C212A /* FHAAppDelegate.m */,
				F12C3572197DA0E1002C212A /* Main.storyboard */,
				F12C3575197DA0E1002C212A /* FHAViewController.h */,
				F12C3576197DA0E1002C212A /* FHAViewController.m */,
				F12C3578197DA0E1002C212A /* Images.xcassets */,
				F12C3567197DA0E1002C212A /* Supporting Files */,
			);
			path = "First Homework App";
			sourceTree = "<group>";
		};
		F12C3567197DA0E1002C212A /* Supporting Files */ = {
			isa = PBXGroup;
			children = (
				F12C3568197DA0E1002C212A /* First Homework App-Info.plist */,
				F12C3569197DA0E1002C212A /* InfoPlist.strings */,
				F12C356C197DA0E1002C212A /* main.m */,
				F12C356E197DA0E1002C212A /* First Homework App-Prefix.pch */,
			);
			name = "Supporting Files";
			sourceTree = "<group>";
		};
		F12C3585197DA0E1002C212A /* First Homework AppTests */ = {
			isa = PBXGroup;
			children = (
				F12C358B197DA0E1002C212A /* First_Homework_AppTests.m */,
				F12C3586197DA0E1002C212A /* Supporting Files */,
			);
			path = "First Homework AppTests";
			sourceTree = "<group>";
		};
		F12C3586197DA0E1002C212A /* Supporting Files */ = {
			isa = PBXGroup;
			children = (
				F12C3587197DA0E1002C212A /* First Homework AppTests-Info.plist */,
				F12C3588197DA0E1002C212A /* InfoPlist.strings */,
			);
			name = "Supporting Files";
			sourceTree = "<group>";
		};
/* End PBXGroup section */

/* Begin PBXNativeTarget section */
		F12C355C197DA0E1002C212A /* First Homework App */ = {
			isa = PBXNativeTarget;
			buildConfigurationList = F12C358F197DA0E1002C212A /* Build configuration list for PBXNativeTarget "First Homework App" */;
			buildPhases = (
				F12C3559197DA0E1002C212A /* Sources */,
				F12C355A197DA0E1002C212A /* Frameworks */,
				F12C355B197DA0E1002C212A /* Resources */,
			);
			buildRules = (
			);
			dependencies = (
			);
			name = "First Homework App";
			productName = "First Homework App";
			productReference = F12C355D197DA0E1002C212A /* First Homework App.app */;
			productType = "com.apple.product-type.application";
		};
		F12C357D197DA0E1002C212A /* First Homework AppTests */ = {
			isa = PBXNativeTarget;
			buildConfigurationList = F12C3592197DA0E1002C212A /* Build configuration list for PBXNativeTarget "First Homework AppTests" */;
			buildPhases = (
				F12C357A197DA0E1002C212A /* Sources */,
				F12C357B197DA0E1002C212A /* Frameworks */,
				F12C357C197DA0E1002C212A /* Resources */,
			);
			buildRules = (
			);
			dependencies = (
				F12C3584197DA0E1002C212A /* PBXTargetDependency */,
			);
			name = "First Homework AppTests";
			productName = "First Homework AppTests";
			productReference = F12C357E197DA0E1002C212A /* First Homework AppTests.xctest */;
			productType = "com.apple.product-type.bundle.unit-test";
		};
/* End PBXNativeTarget section */

/* Begin PBXProject section */
		F12C3555197DA0E1002C212A /* Project object */ = {
			isa = PBXProject;
			attributes = {
				CLASSPREFIX = FHA;
				LastUpgradeCheck = 0510;
				ORGANIZATIONNAME = "Merritt Tidwell";
				TargetAttributes = {
					F12C357D197DA0E1002C212A = {
						TestTargetID = F12C355C197DA0E1002C212A;
					};
				};
			};
			buildConfigurationList = F12C3558197DA0E1002C212A /* Build configuration list for PBXProject "First Homework App" */;
			compatibilityVersion = "Xcode 3.2";
			developmentRegion = English;
			hasScannedForEncodings = 0;
			knownRegions = (
				en,
				Base,
			);
			mainGroup = F12C3554197DA0E1002C212A;
			productRefGroup = F12C355E197DA0E1002C212A /* Products */;
			projectDirPath = "";
			projectRoot = "";
			targets = (
				F12C355C197DA0E1002C212A /* First Homework App */,
				F12C357D197DA0E1002C212A /* First Homework AppTests */,
			);
		};
/* End PBXProject section */

/* Begin PBXResourcesBuildPhase section */
		F12C355B197DA0E1002C212A /* Resources */ = {
			isa = PBXResourcesBuildPhase;
			buildActionMask = 2147483647;
			files = (
				F12C3579197DA0E1002C212A /* Images.xcassets in Resources */,
				F12C356B197DA0E1002C212A /* InfoPlist.strings in Resources */,
				F12C3574197DA0E1002C212A /* Main.storyboard in Resources */,
			);
			runOnlyForDeploymentPostprocessing = 0;
		};
		F12C357C197DA0E1002C212A /* Resources */ = {
			isa = PBXResourcesBuildPhase;
			buildActionMask = 2147483647;
			files = (
				F12C358A197DA0E1002C212A /* InfoPlist.strings in Resources */,
			);
			runOnlyForDeploymentPostprocessing = 0;
		};
/* End PBXResourcesBuildPhase section */

/* Begin PBXSourcesBuildPhase section */
		F12C3559197DA0E1002C212A /* Sources */ = {
			isa = PBXSourcesBuildPhase;
			buildActionMask = 2147483647;
			files = (
				F12C3571197DA0E1002C212A /* FHAAppDelegate.m in Sources */,
				F12C3577197DA0E1002C212A /* FHAViewController.m in Sources */,
				F12C356D197DA0E1002C212A /* main.m in Sources */,
			);
			runOnlyForDeploymentPostprocessing = 0;
		};
		F12C357A197DA0E1002C212A /* Sources */ = {
			isa = PBXSourcesBuildPhase;
			buildActionMask = 2147483647;
			files = (
				F12C358C197DA0E1002C212A /* First_Homework_AppTests.m in Sources */,
			);
			runOnlyForDeploymentPostprocessing = 0;
		};
/* End PBXSourcesBuildPhase section */

/* Begin PBXTargetDependency section */
		F12C3584197DA0E1002C212A /* PBXTargetDependency */ = {
			isa = PBXTargetDependency;
			target = F12C355C197DA0E1002C212A /* First Homework App */;
			targetProxy = F12C3583197DA0E1002C212A /* PBXContainerItemProxy */;
		};
/* End PBXTargetDependency section */

/* Begin PBXVariantGroup section */
		F12C3569197DA0E1002C212A /* InfoPlist.strings */ = {
			isa = PBXVariantGroup;
			children = (
				F12C356A197DA0E1002C212A /* en */,
			);
			name = InfoPlist.strings;
			sourceTree = "<group>";
		};
		F12C3572197DA0E1002C212A /* Main.storyboard */ = {
			isa = PBXVariantGroup;
			children = (
				F12C3573197DA0E1002C212A /* Base */,
			);
			name = Main.storyboard;
			sourceTree = "<group>";
		};
		F12C3588197DA0E1002C212A /* InfoPlist.strings */ = {
			isa = PBXVariantGroup;
			children = (
				F12C3589197DA0E1002C212A /* en */,
			);
			name = InfoPlist.strings;
			sourceTree = "<group>";
		};
/* End PBXVariantGroup section */

/* Begin XCBuildConfiguration section */
		F12C358D197DA0E1002C212A /* Debug */ = {
			isa = XCBuildConfiguration;
			buildSettings = {
				ALWAYS_SEARCH_USER_PATHS = NO;
				CLANG_CXX_LANGUAGE_STANDARD = "gnu++0x";
				CLANG_CXX_LIBRARY = "libc++";
				CLANG_ENABLE_MODULES = YES;
				CLANG_ENABLE_OBJC_ARC = YES;
				CLANG_WARN_BOOL_CONVERSION = YES;
				CLANG_WARN_CONSTANT_CONVERSION = YES;
				CLANG_WARN_DIRECT_OBJC_ISA_USAGE = YES_ERROR;
				CLANG_WARN_EMPTY_BODY = YES;
				CLANG_WARN_ENUM_CONVERSION = YES;
				CLANG_WARN_INT_CONVERSION = YES;
				CLANG_WARN_OBJC_ROOT_CLASS = YES_ERROR;
				CLANG_WARN__DUPLICATE_METHOD_MATCH = YES;
				"CODE_SIGN_IDENTITY[sdk=iphoneos*]" = "iPhone Developer";
				COPY_PHASE_STRIP = NO;
				GCC_C_LANGUAGE_STANDARD = gnu99;
				GCC_DYNAMIC_NO_PIC = NO;
				GCC_OPTIMIZATION_LEVEL = 0;
				GCC_PREPROCESSOR_DEFINITIONS = (
					"DEBUG=1",
					"$(inherited)",
				);
				GCC_SYMBOLS_PRIVATE_EXTERN = NO;
				GCC_WARN_64_TO_32_BIT_CONVERSION = YES;
				GCC_WARN_ABOUT_RETURN_TYPE = YES_ERROR;
				GCC_WARN_UNDECLARED_SELECTOR = YES;
				GCC_WARN_UNINITIALIZED_AUTOS = YES_AGGRESSIVE;
				GCC_WARN_UNUSED_FUNCTION = YES;
				GCC_WARN_UNUSED_VARIABLE = YES;
				IPHONEOS_DEPLOYMENT_TARGET = 7.1;
				ONLY_ACTIVE_ARCH = YES;
				SDKROOT = iphoneos;
			};
			name = Debug;
		};
		F12C358E197DA0E1002C212A /* Release */ = {
			isa = XCBuildConfiguration;
			buildSettings = {
				ALWAYS_SEARCH_USER_PATHS = NO;
				CLANG_CXX_LANGUAGE_STANDARD = "gnu++0x";
				CLANG_CXX_LIBRARY = "libc++";
				CLANG_ENABLE_MODULES = YES;
				CLANG_ENABLE_OBJC_ARC = YES;
				CLANG_WARN_BOOL_CONVERSION = YES;
				CLANG_WARN_CONSTANT_CONVERSION = YES;
				CLANG_WARN_DIRECT_OBJC_ISA_USAGE = YES_ERROR;
				CLANG_WARN_EMPTY_BODY = YES;
				CLANG_WARN_ENUM_CONVERSION = YES;
				CLANG_WARN_INT_CONVERSION = YES;
				CLANG_WARN_OBJC_ROOT_CLASS = YES_ERROR;
				CLANG_WARN__DUPLICATE_METHOD_MATCH = YES;
				"CODE_SIGN_IDENTITY[sdk=iphoneos*]" = "iPhone Developer";
				COPY_PHASE_STRIP = YES;
				ENABLE_NS_ASSERTIONS = NO;
				GCC_C_LANGUAGE_STANDARD = gnu99;
				GCC_WARN_64_TO_32_BIT_CONVERSION = YES;
				GCC_WARN_ABOUT_RETURN_TYPE = YES_ERROR;
				GCC_WARN_UNDECLARED_SELECTOR = YES;
				GCC_WARN_UNINITIALIZED_AUTOS = YES_AGGRESSIVE;
				GCC_WARN_UNUSED_FUNCTION = YES;
				GCC_WARN_UNUSED_VARIABLE = YES;
				IPHONEOS_DEPLOYMENT_TARGET = 7.1;
				SDKROOT = iphoneos;
				VALIDATE_PRODUCT = YES;
			};
			name = Release;
		};
		F12C3590197DA0E1002C212A /* Debug */ = {
			isa = XCBuildConfiguration;
			buildSettings = {
				ASSETCATALOG_COMPILER_APPICON_NAME = AppIcon;
				ASSETCATALOG_COMPILER_LAUNCHIMAGE_NAME = LaunchImage;
				GCC_PRECOMPILE_PREFIX_HEADER = YES;
				GCC_PREFIX_HEADER = "First Homework App/First Homework App-Prefix.pch";
				INFOPLIST_FILE = "First Homework App/First Homework App-Info.plist";
				PRODUCT_NAME = "$(TARGET_NAME)";
				WRAPPER_EXTENSION = app;
			};
			name = Debug;
		};
		F12C3591197DA0E1002C212A /* Release */ = {
			isa = XCBuildConfiguration;
			buildSettings = {
				ASSETCATALOG_COMPILER_APPICON_NAME = AppIcon;
				ASSETCATALOG_COMPILER_LAUNCHIMAGE_NAME = LaunchImage;
				GCC_PRECOMPILE_PREFIX_HEADER = YES;
				GCC_PREFIX_HEADER = "First Homework App/First Homework App-Prefix.pch";
				INFOPLIST_FILE = "First Homework App/First Homework App-Info.plist";
				PRODUCT_NAME = "$(TARGET_NAME)";
				WRAPPER_EXTENSION = app;
			};
			name = Release;
		};
		F12C3593197DA0E1002C212A /* Debug */ = {
			isa = XCBuildConfiguration;
			buildSettings = {
				BUNDLE_LOADER = "$(BUILT_PRODUCTS_DIR)/First Homework App.app/First Homework App";
				FRAMEWORK_SEARCH_PATHS = (
					"$(SDKROOT)/Developer/Library/Frameworks",
					"$(inherited)",
					"$(DEVELOPER_FRAMEWORKS_DIR)",
				);
				GCC_PRECOMPILE_PREFIX_HEADER = YES;
				GCC_PREFIX_HEADER = "First Homework App/First Homework App-Prefix.pch";
				GCC_PREPROCESSOR_DEFINITIONS = (
					"DEBUG=1",
					"$(inherited)",
				);
				INFOPLIST_FILE = "First Homework AppTests/First Homework AppTests-Info.plist";
				PRODUCT_NAME = "$(TARGET_NAME)";
				TEST_HOST = "$(BUNDLE_LOADER)";
				WRAPPER_EXTENSION = xctest;
			};
			name = Debug;
		};
		F12C3594197DA0E1002C212A /* Release */ = {
			isa = XCBuildConfiguration;
			buildSettings = {
				BUNDLE_LOADER = "$(BUILT_PRODUCTS_DIR)/First Homework App.app/First Homework App";
				FRAMEWORK_SEARCH_PATHS = (
					"$(SDKROOT)/Developer/Library/Frameworks",
					"$(inherited)",
					"$(DEVELOPER_FRAMEWORKS_DIR)",
				);
				GCC_PRECOMPILE_PREFIX_HEADER = YES;
				GCC_PREFIX_HEADER = "First Homework App/First Homework App-Prefix.pch";
				INFOPLIST_FILE = "First Homework AppTests/First Homework AppTests-Info.plist";
				PRODUCT_NAME = "$(TARGET_NAME)";
				TEST_HOST = "$(BUNDLE_LOADER)";
				WRAPPER_EXTENSION = xctest;
			};
			name = Release;
		};
/* End XCBuildConfiguration section */

/* Begin XCConfigurationList section */
		F12C3558197DA0E1002C212A /* Build configuration list for PBXProject "First Homework App" */ = {
			isa = XCConfigurationList;
			buildConfigurations = (
				F12C358D197DA0E1002C212A /* Debug */,
				F12C358E197DA0E1002C212A /* Release */,
			);
			defaultConfigurationIsVisible = 0;
			defaultConfigurationName = Release;
		};
		F12C358F197DA0E1002C212A /* Build configuration list for PBXNativeTarget "First Homework App" */ = {
			isa = XCConfigurationList;
			buildConfigurations = (
				F12C3590197DA0E1002C212A /* Debug */,
				F12C3591197DA0E1002C212A /* Release */,
			);
			defaultConfigurationIsVisible = 0;
		};
		F12C3592197DA0E1002C212A /* Build configuration list for PBXNativeTarget "First Homework AppTests" */ = {
			isa = XCConfigurationList;
			buildConfigurations = (
				F12C3593197DA0E1002C212A /* Debug */,
				F12C3594197DA0E1002C212A /* Release */,
			);
			defaultConfigurationIsVisible = 0;
		};
/* End XCConfigurationList section */
	};
	rootObject = F12C3555197DA0E1002C212A /* Project object */;
}
