// !$*UTF8*$!
{
	archiveVersion = 1;
	classes = {
	};
	objectVersion = 46;
	objects = {

/* Begin PBXBuildFile section */
		F12C3520197D8887002C212A /* Foundation.framework in Frameworks */ = {isa = PBXBuildFile; fileRef = F12C351F197D8887002C212A /* Foundation.framework */; };
		F12C3522197D8887002C212A /* CoreGraphics.framework in Frameworks */ = {isa = PBXBuildFile; fileRef = F12C3521197D8887002C212A /* CoreGraphics.framework */; };
		F12C3524197D8887002C212A /* UIKit.framework in Frameworks */ = {isa = PBXBuildFile; fileRef = F12C3523197D8887002C212A /* UIKit.framework */; };
		F12C352A197D8887002C212A /* InfoPlist.strings in Resources */ = {isa = PBXBuildFile; fileRef = F12C3528197D8887002C212A /* InfoPlist.strings */; };
		F12C352C197D8887002C212A /* main.m in Sources */ = {isa = PBXBuildFile; fileRef = F12C352B197D8887002C212A /* main.m */; };
		F12C3530197D8887002C212A /* SFAAppDelegate.m in Sources */ = {isa = PBXBuildFile; fileRef = F12C352F197D8887002C212A /* SFAAppDelegate.m */; };
		F12C3533197D8887002C212A /* Main.storyboard in Resources */ = {isa = PBXBuildFile; fileRef = F12C3531197D8887002C212A /* Main.storyboard */; };
		F12C3536197D8887002C212A /* SFAViewController.m in Sources */ = {isa = PBXBuildFile; fileRef = F12C3535197D8887002C212A /* SFAViewController.m */; };
		F12C3538197D8887002C212A /* Images.xcassets in Resources */ = {isa = PBXBuildFile; fileRef = F12C3537197D8887002C212A /* Images.xcassets */; };
		F12C353F197D8887002C212A /* XCTest.framework in Frameworks */ = {isa = PBXBuildFile; fileRef = F12C353E197D8887002C212A /* XCTest.framework */; };
		F12C3540197D8887002C212A /* Foundation.framework in Frameworks */ = {isa = PBXBuildFile; fileRef = F12C351F197D8887002C212A /* Foundation.framework */; };
		F12C3541197D8887002C212A /* UIKit.framework in Frameworks */ = {isa = PBXBuildFile; fileRef = F12C3523197D8887002C212A /* UIKit.framework */; };
		F12C3549197D8887002C212A /* InfoPlist.strings in Resources */ = {isa = PBXBuildFile; fileRef = F12C3547197D8887002C212A /* InfoPlist.strings */; };
		F12C354B197D8887002C212A /* Simple_Form_AppTests.m in Sources */ = {isa = PBXBuildFile; fileRef = F12C354A197D8887002C212A /* Simple_Form_AppTests.m */; };
/* End PBXBuildFile section */

/* Begin PBXContainerItemProxy section */
		F12C3542197D8887002C212A /* PBXContainerItemProxy */ = {
			isa = PBXContainerItemProxy;
			containerPortal = F12C3514197D8887002C212A /* Project object */;
			proxyType = 1;
			remoteGlobalIDString = F12C351B197D8887002C212A;
			remoteInfo = "Simple Form App";
		};
/* End PBXContainerItemProxy section */

/* Begin PBXFileReference section */
		F12C351C197D8887002C212A /* Simple Form App.app */ = {isa = PBXFileReference; explicitFileType = wrapper.application; includeInIndex = 0; path = "Simple Form App.app"; sourceTree = BUILT_PRODUCTS_DIR; };
		F12C351F197D8887002C212A /* Foundation.framework */ = {isa = PBXFileReference; lastKnownFileType = wrapper.framework; name = Foundation.framework; path = System/Library/Frameworks/Foundation.framework; sourceTree = SDKROOT; };
		F12C3521197D8887002C212A /* CoreGraphics.framework */ = {isa = PBXFileReference; lastKnownFileType = wrapper.framework; name = CoreGraphics.framework; path = System/Library/Frameworks/CoreGraphics.framework; sourceTree = SDKROOT; };
		F12C3523197D8887002C212A /* UIKit.framework */ = {isa = PBXFileReference; lastKnownFileType = wrapper.framework; name = UIKit.framework; path = System/Library/Frameworks/UIKit.framework; sourceTree = SDKROOT; };
		F12C3527197D8887002C212A /* Simple Form App-Info.plist */ = {isa = PBXFileReference; lastKnownFileType = text.plist.xml; path = "Simple Form App-Info.plist"; sourceTree = "<group>"; };
		F12C3529197D8887002C212A /* en */ = {isa = PBXFileReference; lastKnownFileType = text.plist.strings; name = en; path = en.lproj/InfoPlist.strings; sourceTree = "<group>"; };
		F12C352B197D8887002C212A /* main.m */ = {isa = PBXFileReference; lastKnownFileType = sourcecode.c.objc; path = main.m; sourceTree = "<group>"; };
		F12C352D197D8887002C212A /* Simple Form App-Prefix.pch */ = {isa = PBXFileReference; lastKnownFileType = sourcecode.c.h; path = "Simple Form App-Prefix.pch"; sourceTree = "<group>"; };
		F12C352E197D8887002C212A /* SFAAppDelegate.h */ = {isa = PBXFileReference; lastKnownFileType = sourcecode.c.h; path = SFAAppDelegate.h; sourceTree = "<group>"; };
		F12C352F197D8887002C212A /* SFAAppDelegate.m */ = {isa = PBXFileReference; lastKnownFileType = sourcecode.c.objc; path = SFAAppDelegate.m; sourceTree = "<group>"; };
		F12C3532197D8887002C212A /* Base */ = {isa = PBXFileReference; lastKnownFileType = file.storyboard; name = Base; path = Base.lproj/Main.storyboard; sourceTree = "<group>"; };
		F12C3534197D8887002C212A /* SFAViewController.h */ = {isa = PBXFileReference; lastKnownFileType = sourcecode.c.h; path = SFAViewController.h; sourceTree = "<group>"; };
		F12C3535197D8887002C212A /* SFAViewController.m */ = {isa = PBXFileReference; lastKnownFileType = sourcecode.c.objc; path = SFAViewController.m; sourceTree = "<group>"; };
		F12C3537197D8887002C212A /* Images.xcassets */ = {isa = PBXFileReference; lastKnownFileType = folder.assetcatalog; path = Images.xcassets; sourceTree = "<group>"; };
		F12C353D197D8887002C212A /* Simple Form AppTests.xctest */ = {isa = PBXFileReference; explicitFileType = wrapper.cfbundle; includeInIndex = 0; path = "Simple Form AppTests.xctest"; sourceTree = BUILT_PRODUCTS_DIR; };
		F12C353E197D8887002C212A /* XCTest.framework */ = {isa = PBXFileReference; lastKnownFileType = wrapper.framework; name = XCTest.framework; path = Library/Frameworks/XCTest.framework; sourceTree = DEVELOPER_DIR; };
		F12C3546197D8887002C212A /* Simple Form AppTests-Info.plist */ = {isa = PBXFileReference; lastKnownFileType = text.plist.xml; path = "Simple Form AppTests-Info.plist"; sourceTree = "<group>"; };
		F12C3548197D8887002C212A /* en */ = {isa = PBXFileReference; lastKnownFileType = text.plist.strings; name = en; path = en.lproj/InfoPlist.strings; sourceTree = "<group>"; };
		F12C354A197D8887002C212A /* Simple_Form_AppTests.m */ = {isa = PBXFileReference; lastKnownFileType = sourcecode.c.objc; path = Simple_Form_AppTests.m; sourceTree = "<group>"; };
/* End PBXFileReference section */

/* Begin PBXFrameworksBuildPhase section */
		F12C3519197D8887002C212A /* Frameworks */ = {
			isa = PBXFrameworksBuildPhase;
			buildActionMask = 2147483647;
			files = (
				F12C3522197D8887002C212A /* CoreGraphics.framework in Frameworks */,
				F12C3524197D8887002C212A /* UIKit.framework in Frameworks */,
				F12C3520197D8887002C212A /* Foundation.framework in Frameworks */,
			);
			runOnlyForDeploymentPostprocessing = 0;
		};
		F12C353A197D8887002C212A /* Frameworks */ = {
			isa = PBXFrameworksBuildPhase;
			buildActionMask = 2147483647;
			files = (
				F12C353F197D8887002C212A /* XCTest.framework in Frameworks */,
				F12C3541197D8887002C212A /* UIKit.framework in Frameworks */,
				F12C3540197D8887002C212A /* Foundation.framework in Frameworks */,
			);
			runOnlyForDeploymentPostprocessing = 0;
		};
/* End PBXFrameworksBuildPhase section */

/* Begin PBXGroup section */
		F12C3513197D8887002C212A = {
			isa = PBXGroup;
			children = (
				F12C3525197D8887002C212A /* Simple Form App */,
				F12C3544197D8887002C212A /* Simple Form AppTests */,
				F12C351E197D8887002C212A /* Frameworks */,
				F12C351D197D8887002C212A /* Products */,
			);
			sourceTree = "<group>";
		};
		F12C351D197D8887002C212A /* Products */ = {
			isa = PBXGroup;
			children = (
				F12C351C197D8887002C212A /* Simple Form App.app */,
				F12C353D197D8887002C212A /* Simple Form AppTests.xctest */,
			);
			name = Products;
			sourceTree = "<group>";
		};
		F12C351E197D8887002C212A /* Frameworks */ = {
			isa = PBXGroup;
			children = (
				F12C351F197D8887002C212A /* Foundation.framework */,
				F12C3521197D8887002C212A /* CoreGraphics.framework */,
				F12C3523197D8887002C212A /* UIKit.framework */,
				F12C353E197D8887002C212A /* XCTest.framework */,
			);
			name = Frameworks;
			sourceTree = "<group>";
		};
		F12C3525197D8887002C212A /* Simple Form App */ = {
			isa = PBXGroup;
			children = (
				F12C352E197D8887002C212A /* SFAAppDelegate.h */,
				F12C352F197D8887002C212A /* SFAAppDelegate.m */,
				F12C3531197D8887002C212A /* Main.storyboard */,
				F12C3534197D8887002C212A /* SFAViewController.h */,
				F12C3535197D8887002C212A /* SFAViewController.m */,
				F12C3537197D8887002C212A /* Images.xcassets */,
				F12C3526197D8887002C212A /* Supporting Files */,
			);
			path = "Simple Form App";
			sourceTree = "<group>";
		};
		F12C3526197D8887002C212A /* Supporting Files */ = {
			isa = PBXGroup;
			children = (
				F12C3527197D8887002C212A /* Simple Form App-Info.plist */,
				F12C3528197D8887002C212A /* InfoPlist.strings */,
				F12C352B197D8887002C212A /* main.m */,
				F12C352D197D8887002C212A /* Simple Form App-Prefix.pch */,
			);
			name = "Supporting Files";
			sourceTree = "<group>";
		};
		F12C3544197D8887002C212A /* Simple Form AppTests */ = {
			isa = PBXGroup;
			children = (
				F12C354A197D8887002C212A /* Simple_Form_AppTests.m */,
				F12C3545197D8887002C212A /* Supporting Files */,
			);
			path = "Simple Form AppTests";
			sourceTree = "<group>";
		};
		F12C3545197D8887002C212A /* Supporting Files */ = {
			isa = PBXGroup;
			children = (
				F12C3546197D8887002C212A /* Simple Form AppTests-Info.plist */,
				F12C3547197D8887002C212A /* InfoPlist.strings */,
			);
			name = "Supporting Files";
			sourceTree = "<group>";
		};
/* End PBXGroup section */

/* Begin PBXNativeTarget section */
		F12C351B197D8887002C212A /* Simple Form App */ = {
			isa = PBXNativeTarget;
			buildConfigurationList = F12C354E197D8887002C212A /* Build configuration list for PBXNativeTarget "Simple Form App" */;
			buildPhases = (
				F12C3518197D8887002C212A /* Sources */,
				F12C3519197D8887002C212A /* Frameworks */,
				F12C351A197D8887002C212A /* Resources */,
			);
			buildRules = (
			);
			dependencies = (
			);
			name = "Simple Form App";
			productName = "Simple Form App";
			productReference = F12C351C197D8887002C212A /* Simple Form App.app */;
			productType = "com.apple.product-type.application";
		};
		F12C353C197D8887002C212A /* Simple Form AppTests */ = {
			isa = PBXNativeTarget;
			buildConfigurationList = F12C3551197D8887002C212A /* Build configuration list for PBXNativeTarget "Simple Form AppTests" */;
			buildPhases = (
				F12C3539197D8887002C212A /* Sources */,
				F12C353A197D8887002C212A /* Frameworks */,
				F12C353B197D8887002C212A /* Resources */,
			);
			buildRules = (
			);
			dependencies = (
				F12C3543197D8887002C212A /* PBXTargetDependency */,
			);
			name = "Simple Form AppTests";
			productName = "Simple Form AppTests";
			productReference = F12C353D197D8887002C212A /* Simple Form AppTests.xctest */;
			productType = "com.apple.product-type.bundle.unit-test";
		};
/* End PBXNativeTarget section */

/* Begin PBXProject section */
		F12C3514197D8887002C212A /* Project object */ = {
			isa = PBXProject;
			attributes = {
				CLASSPREFIX = SFA;
				LastUpgradeCheck = 0510;
				ORGANIZATIONNAME = "Merritt Tidwell";
				TargetAttributes = {
					F12C353C197D8887002C212A = {
						TestTargetID = F12C351B197D8887002C212A;
					};
				};
			};
			buildConfigurationList = F12C3517197D8887002C212A /* Build configuration list for PBXProject "Simple Form App" */;
			compatibilityVersion = "Xcode 3.2";
			developmentRegion = English;
			hasScannedForEncodings = 0;
			knownRegions = (
				en,
				Base,
			);
			mainGroup = F12C3513197D8887002C212A;
			productRefGroup = F12C351D197D8887002C212A /* Products */;
			projectDirPath = "";
			projectRoot = "";
			targets = (
				F12C351B197D8887002C212A /* Simple Form App */,
				F12C353C197D8887002C212A /* Simple Form AppTests */,
			);
		};
/* End PBXProject section */

/* Begin PBXResourcesBuildPhase section */
		F12C351A197D8887002C212A /* Resources */ = {
			isa = PBXResourcesBuildPhase;
			buildActionMask = 2147483647;
			files = (
				F12C3538197D8887002C212A /* Images.xcassets in Resources */,
				F12C352A197D8887002C212A /* InfoPlist.strings in Resources */,
				F12C3533197D8887002C212A /* Main.storyboard in Resources */,
			);
			runOnlyForDeploymentPostprocessing = 0;
		};
		F12C353B197D8887002C212A /* Resources */ = {
			isa = PBXResourcesBuildPhase;
			buildActionMask = 2147483647;
			files = (
				F12C3549197D8887002C212A /* InfoPlist.strings in Resources */,
			);
			runOnlyForDeploymentPostprocessing = 0;
		};
/* End PBXResourcesBuildPhase section */

/* Begin PBXSourcesBuildPhase section */
		F12C3518197D8887002C212A /* Sources */ = {
			isa = PBXSourcesBuildPhase;
			buildActionMask = 2147483647;
			files = (
				F12C352C197D8887002C212A /* main.m in Sources */,
				F12C3530197D8887002C212A /* SFAAppDelegate.m in Sources */,
				F12C3536197D8887002C212A /* SFAViewController.m in Sources */,
			);
			runOnlyForDeploymentPostprocessing = 0;
		};
		F12C3539197D8887002C212A /* Sources */ = {
			isa = PBXSourcesBuildPhase;
			buildActionMask = 2147483647;
			files = (
				F12C354B197D8887002C212A /* Simple_Form_AppTests.m in Sources */,
			);
			runOnlyForDeploymentPostprocessing = 0;
		};
/* End PBXSourcesBuildPhase section */

/* Begin PBXTargetDependency section */
		F12C3543197D8887002C212A /* PBXTargetDependency */ = {
			isa = PBXTargetDependency;
			target = F12C351B197D8887002C212A /* Simple Form App */;
			targetProxy = F12C3542197D8887002C212A /* PBXContainerItemProxy */;
		};
/* End PBXTargetDependency section */

/* Begin PBXVariantGroup section */
		F12C3528197D8887002C212A /* InfoPlist.strings */ = {
			isa = PBXVariantGroup;
			children = (
				F12C3529197D8887002C212A /* en */,
			);
			name = InfoPlist.strings;
			sourceTree = "<group>";
		};
		F12C3531197D8887002C212A /* Main.storyboard */ = {
			isa = PBXVariantGroup;
			children = (
				F12C3532197D8887002C212A /* Base */,
			);
			name = Main.storyboard;
			sourceTree = "<group>";
		};
		F12C3547197D8887002C212A /* InfoPlist.strings */ = {
			isa = PBXVariantGroup;
			children = (
				F12C3548197D8887002C212A /* en */,
			);
			name = InfoPlist.strings;
			sourceTree = "<group>";
		};
/* End PBXVariantGroup section */

/* Begin XCBuildConfiguration section */
		F12C354C197D8887002C212A /* Debug */ = {
			isa = XCBuildConfiguration;
			buildSettings = {
				ALWAYS_SEARCH_USER_PATHS = NO;
				CLANG_CXX_LANGUAGE_STANDARD = "gnu++0x";
				CLANG_CXX_LIBRARY = "libc++";
				CLANG_ENABLE_MODULES = YES;
				CLANG_ENABLE_OBJC_ARC = YES;
				CLANG_WARN_BOOL_CONVERSION = YES;
				CLANG_WARN_CONSTANT_CONVERSION = YES;
				CLANG_WARN_DIRECT_OBJC_ISA_USAGE = YES_ERROR;
				CLANG_WARN_EMPTY_BODY = YES;
				CLANG_WARN_ENUM_CONVERSION = YES;
				CLANG_WARN_INT_CONVERSION = YES;
				CLANG_WARN_OBJC_ROOT_CLASS = YES_ERROR;
				CLANG_WARN__DUPLICATE_METHOD_MATCH = YES;
				"CODE_SIGN_IDENTITY[sdk=iphoneos*]" = "iPhone Developer";
				COPY_PHASE_STRIP = NO;
				GCC_C_LANGUAGE_STANDARD = gnu99;
				GCC_DYNAMIC_NO_PIC = NO;
				GCC_OPTIMIZATION_LEVEL = 0;
				GCC_PREPROCESSOR_DEFINITIONS = (
					"DEBUG=1",
					"$(inherited)",
				);
				GCC_SYMBOLS_PRIVATE_EXTERN = NO;
				GCC_WARN_64_TO_32_BIT_CONVERSION = YES;
				GCC_WARN_ABOUT_RETURN_TYPE = YES_ERROR;
				GCC_WARN_UNDECLARED_SELECTOR = YES;
				GCC_WARN_UNINITIALIZED_AUTOS = YES_AGGRESSIVE;
				GCC_WARN_UNUSED_FUNCTION = YES;
				GCC_WARN_UNUSED_VARIABLE = YES;
				IPHONEOS_DEPLOYMENT_TARGET = 7.1;
				ONLY_ACTIVE_ARCH = YES;
				SDKROOT = iphoneos;
			};
			name = Debug;
		};
		F12C354D197D8887002C212A /* Release */ = {
			isa = XCBuildConfiguration;
			buildSettings = {
				ALWAYS_SEARCH_USER_PATHS = NO;
				CLANG_CXX_LANGUAGE_STANDARD = "gnu++0x";
				CLANG_CXX_LIBRARY = "libc++";
				CLANG_ENABLE_MODULES = YES;
				CLANG_ENABLE_OBJC_ARC = YES;
				CLANG_WARN_BOOL_CONVERSION = YES;
				CLANG_WARN_CONSTANT_CONVERSION = YES;
				CLANG_WARN_DIRECT_OBJC_ISA_USAGE = YES_ERROR;
				CLANG_WARN_EMPTY_BODY = YES;
				CLANG_WARN_ENUM_CONVERSION = YES;
				CLANG_WARN_INT_CONVERSION = YES;
				CLANG_WARN_OBJC_ROOT_CLASS = YES_ERROR;
				CLANG_WARN__DUPLICATE_METHOD_MATCH = YES;
				"CODE_SIGN_IDENTITY[sdk=iphoneos*]" = "iPhone Developer";
				COPY_PHASE_STRIP = YES;
				ENABLE_NS_ASSERTIONS = NO;
				GCC_C_LANGUAGE_STANDARD = gnu99;
				GCC_WARN_64_TO_32_BIT_CONVERSION = YES;
				GCC_WARN_ABOUT_RETURN_TYPE = YES_ERROR;
				GCC_WARN_UNDECLARED_SELECTOR = YES;
				GCC_WARN_UNINITIALIZED_AUTOS = YES_AGGRESSIVE;
				GCC_WARN_UNUSED_FUNCTION = YES;
				GCC_WARN_UNUSED_VARIABLE = YES;
				IPHONEOS_DEPLOYMENT_TARGET = 7.1;
				SDKROOT = iphoneos;
				VALIDATE_PRODUCT = YES;
			};
			name = Release;
		};
		F12C354F197D8887002C212A /* Debug */ = {
			isa = XCBuildConfiguration;
			buildSettings = {
				ASSETCATALOG_COMPILER_APPICON_NAME = AppIcon;
				ASSETCATALOG_COMPILER_LAUNCHIMAGE_NAME = LaunchImage;
				GCC_PRECOMPILE_PREFIX_HEADER = YES;
				GCC_PREFIX_HEADER = "Simple Form App/Simple Form App-Prefix.pch";
				INFOPLIST_FILE = "Simple Form App/Simple Form App-Info.plist";
				PRODUCT_NAME = "$(TARGET_NAME)";
				WRAPPER_EXTENSION = app;
			};
			name = Debug;
		};
		F12C3550197D8887002C212A /* Release */ = {
			isa = XCBuildConfiguration;
			buildSettings = {
				ASSETCATALOG_COMPILER_APPICON_NAME = AppIcon;
				ASSETCATALOG_COMPILER_LAUNCHIMAGE_NAME = LaunchImage;
				GCC_PRECOMPILE_PREFIX_HEADER = YES;
				GCC_PREFIX_HEADER = "Simple Form App/Simple Form App-Prefix.pch";
				INFOPLIST_FILE = "Simple Form App/Simple Form App-Info.plist";
				PRODUCT_NAME = "$(TARGET_NAME)";
				WRAPPER_EXTENSION = app;
			};
			name = Release;
		};
		F12C3552197D8887002C212A /* Debug */ = {
			isa = XCBuildConfiguration;
			buildSettings = {
				BUNDLE_LOADER = "$(BUILT_PRODUCTS_DIR)/Simple Form App.app/Simple Form App";
				FRAMEWORK_SEARCH_PATHS = (
					"$(SDKROOT)/Developer/Library/Frameworks",
					"$(inherited)",
					"$(DEVELOPER_FRAMEWORKS_DIR)",
				);
				GCC_PRECOMPILE_PREFIX_HEADER = YES;
				GCC_PREFIX_HEADER = "Simple Form App/Simple Form App-Prefix.pch";
				GCC_PREPROCESSOR_DEFINITIONS = (
					"DEBUG=1",
					"$(inherited)",
				);
				INFOPLIST_FILE = "Simple Form AppTests/Simple Form AppTests-Info.plist";
				PRODUCT_NAME = "$(TARGET_NAME)";
				TEST_HOST = "$(BUNDLE_LOADER)";
				WRAPPER_EXTENSION = xctest;
			};
			name = Debug;
		};
		F12C3553197D8887002C212A /* Release */ = {
			isa = XCBuildConfiguration;
			buildSettings = {
				BUNDLE_LOADER = "$(BUILT_PRODUCTS_DIR)/Simple Form App.app/Simple Form App";
				FRAMEWORK_SEARCH_PATHS = (
					"$(SDKROOT)/Developer/Library/Frameworks",
					"$(inherited)",
					"$(DEVELOPER_FRAMEWORKS_DIR)",
				);
				GCC_PRECOMPILE_PREFIX_HEADER = YES;
				GCC_PREFIX_HEADER = "Simple Form App/Simple Form App-Prefix.pch";
				INFOPLIST_FILE = "Simple Form AppTests/Simple Form AppTests-Info.plist";
				PRODUCT_NAME = "$(TARGET_NAME)";
				TEST_HOST = "$(BUNDLE_LOADER)";
				WRAPPER_EXTENSION = xctest;
			};
			name = Release;
		};
/* End XCBuildConfiguration section */

/* Begin XCConfigurationList section */
		F12C3517197D8887002C212A /* Build configuration list for PBXProject "Simple Form App" */ = {
			isa = XCConfigurationList;
			buildConfigurations = (
				F12C354C197D8887002C212A /* Debug */,
				F12C354D197D8887002C212A /* Release */,
			);
			defaultConfigurationIsVisible = 0;
			defaultConfigurationName = Release;
		};
		F12C354E197D8887002C212A /* Build configuration list for PBXNativeTarget "Simple Form App" */ = {
			isa = XCConfigurationList;
			buildConfigurations = (
				F12C354F197D8887002C212A /* Debug */,
				F12C3550197D8887002C212A /* Release */,
			);
			defaultConfigurationIsVisible = 0;
		};
		F12C3551197D8887002C212A /* Build configuration list for PBXNativeTarget "Simple Form AppTests" */ = {
			isa = XCConfigurationList;
			buildConfigurations = (
				F12C3552197D8887002C212A /* Debug */,
				F12C3553197D8887002C212A /* Release */,
			);
			defaultConfigurationIsVisible = 0;
		};
/* End XCConfigurationList section */
	};
	rootObject = F12C3514197D8887002C212A /* Project object */;
}
